
Microsoft Visual Studio Solution File, Format Version 12.00
# Visual Studio Version 17
VisualStudioVersion = 17.1.32328.378
MinimumVisualStudioVersion = 10.0.40219.1
Project("{9A19103F-16F7-4668-BE54-9A1E7A4F7556}") = "OOP3Zadaca", "OOP3Zadaca.csproj", "{6798631C-1AC0-41B1-B673-FF09F12A3AED}"
EndProject
Global
	GlobalSection(SolutionConfigurationPlatforms) = preSolution
		Debug|Any CPU = Debug|Any CPU
		Release|Any CPU = Release|Any CPU
	EndGlobalSection
	GlobalSection(ProjectConfigurationPlatforms) = postSolution
		{6798631C-1AC0-41B1-B673-FF09F12A3AED}.Debug|Any CPU.ActiveCfg = Debug|Any CPU
		{6798631C-1AC0-41B1-B673-FF09F12A3AED}.Debug|Any CPU.Build.0 = Debug|Any CPU
		{6798631C-1AC0-41B1-B673-FF09F12A3AED}.Release|Any CPU.ActiveCfg = Release|Any CPU
		{6798631C-1AC0-41B1-B673-FF09F12A3AED}.Release|Any CPU.Build.0 = Release|Any CPU
	EndGlobalSection
	GlobalSection(SolutionProperties) = preSolution
		HideSolutionNode = FALSE
	EndGlobalSection
	GlobalSection(ExtensibilityGlobals) = postSolution
		SolutionGuid = {C16AFA00-FAF7-4D3C-91E1-9DE4B7D188D0}
	EndGlobalSection
EndGlobal
