
Microsoft Visual Studio Solution File, Format Version 12.00
# Visual Studio Version 17
VisualStudioVersion = 17.1.32210.238
MinimumVisualStudioVersion = 10.0.40219.1
Project("{FAE04EC0-301F-11D3-BF4B-00C04F79EFBC}") = "Zadaca1OOP", "Zadaca1OOP\Zadaca1OOP.csproj", "{0EDFB1D9-380F-41EE-9B23-7FB666614E16}"
	ProjectSection(ProjectDependencies) = postProject
		{C42EF3E5-049A-49BD-BB0F-EEAB837E80A2} = {C42EF3E5-049A-49BD-BB0F-EEAB837E80A2}
	EndProjectSection
EndProject
Project("{FAE04EC0-301F-11D3-BF4B-00C04F79EFBC}") = "TVShow", "EpisodeLibrary\TVShow.csproj", "{C42EF3E5-049A-49BD-BB0F-EEAB837E80A2}"
EndProject
Global
	GlobalSection(SolutionConfigurationPlatforms) = preSolution
		Debug|Any CPU = Debug|Any CPU
		Release|Any CPU = Release|Any CPU
	EndGlobalSection
	GlobalSection(ProjectConfigurationPlatforms) = postSolution
		{0EDFB1D9-380F-41EE-9B23-7FB666614E16}.Debug|Any CPU.ActiveCfg = Debug|Any CPU
		{0EDFB1D9-380F-41EE-9B23-7FB666614E16}.Debug|Any CPU.Build.0 = Debug|Any CPU
		{0EDFB1D9-380F-41EE-9B23-7FB666614E16}.Release|Any CPU.ActiveCfg = Release|Any CPU
		{0EDFB1D9-380F-41EE-9B23-7FB666614E16}.Release|Any CPU.Build.0 = Release|Any CPU
		{C42EF3E5-049A-49BD-BB0F-EEAB837E80A2}.Debug|Any CPU.ActiveCfg = Debug|Any CPU
		{C42EF3E5-049A-49BD-BB0F-EEAB837E80A2}.Debug|Any CPU.Build.0 = Debug|Any CPU
		{C42EF3E5-049A-49BD-BB0F-EEAB837E80A2}.Release|Any CPU.ActiveCfg = Release|Any CPU
		{C42EF3E5-049A-49BD-BB0F-EEAB837E80A2}.Release|Any CPU.Build.0 = Release|Any CPU
	EndGlobalSection
	GlobalSection(SolutionProperties) = preSolution
		HideSolutionNode = FALSE
	EndGlobalSection
	GlobalSection(ExtensibilityGlobals) = postSolution
		SolutionGuid = {ECDD4662-D43D-4F86-BD74-8D2797D819A5}
	EndGlobalSection
EndGlobal
